// !$*UTF8*$!
{
	archiveVersion = 1;
	classes = {
	};
	objectVersion = 46;
	objects = {

/* Begin PBXBuildFile section */
		462531CA1EF3C65200E13A9F /* AppDelegate.swift in Sources */ = {isa = PBXBuildFile; fileRef = 462531C91EF3C65200E13A9F /* AppDelegate.swift */; };
		462531CC1EF3C65200E13A9F /* ViewController.swift in Sources */ = {isa = PBXBuildFile; fileRef = 462531CB1EF3C65200E13A9F /* ViewController.swift */; };
		462531CF1EF3C65200E13A9F /* Main.storyboard in Resources */ = {isa = PBXBuildFile; fileRef = 462531CD1EF3C65200E13A9F /* Main.storyboard */; };
		462531D11EF3C65200E13A9F /* Assets.xcassets in Resources */ = {isa = PBXBuildFile; fileRef = 462531D01EF3C65200E13A9F /* Assets.xcassets */; };
		462531D41EF3C65200E13A9F /* LaunchScreen.storyboard in Resources */ = {isa = PBXBuildFile; fileRef = 462531D21EF3C65200E13A9F /* LaunchScreen.storyboard */; };
		462531DF1EF3C65200E13A9F /* SwiftSingleClickTests.swift in Sources */ = {isa = PBXBuildFile; fileRef = 462531DE1EF3C65200E13A9F /* SwiftSingleClickTests.swift */; };
		462531EA1EF3C65200E13A9F /* SwiftSingleClickUITests.swift in Sources */ = {isa = PBXBuildFile; fileRef = 462531E91EF3C65200E13A9F /* SwiftSingleClickUITests.swift */; };
/* End PBXBuildFile section */

/* Begin PBXContainerItemProxy section */
		462531DB1EF3C65200E13A9F /* PBXContainerItemProxy */ = {
			isa = PBXContainerItemProxy;
			containerPortal = 462531BE1EF3C65200E13A9F /* Project object */;
			proxyType = 1;
			remoteGlobalIDString = 462531C51EF3C65200E13A9F;
			remoteInfo = SwiftSingleClick;
		};
		462531E61EF3C65200E13A9F /* PBXContainerItemProxy */ = {
			isa = PBXContainerItemProxy;
			containerPortal = 462531BE1EF3C65200E13A9F /* Project object */;
			proxyType = 1;
			remoteGlobalIDString = 462531C51EF3C65200E13A9F;
			remoteInfo = SwiftSingleClick;
		};
/* End PBXContainerItemProxy section */

/* Begin PBXFileReference section */
		462531C61EF3C65200E13A9F /* SwiftSingleClick.app */ = {isa = PBXFileReference; explicitFileType = wrapper.application; includeInIndex = 0; path = SwiftSingleClick.app; sourceTree = BUILT_PRODUCTS_DIR; };
		462531C91EF3C65200E13A9F /* AppDelegate.swift */ = {isa = PBXFileReference; lastKnownFileType = sourcecode.swift; path = AppDelegate.swift; sourceTree = "<group>"; };
		462531CB1EF3C65200E13A9F /* ViewController.swift */ = {isa = PBXFileReference; lastKnownFileType = sourcecode.swift; path = ViewController.swift; sourceTree = "<group>"; };
		462531CE1EF3C65200E13A9F /* Base */ = {isa = PBXFileReference; lastKnownFileType = file.storyboard; name = Base; path = Base.lproj/Main.storyboard; sourceTree = "<group>"; };
		462531D01EF3C65200E13A9F /* Assets.xcassets */ = {isa = PBXFileReference; lastKnownFileType = folder.assetcatalog; path = Assets.xcassets; sourceTree = "<group>"; };
		462531D31EF3C65200E13A9F /* Base */ = {isa = PBXFileReference; lastKnownFileType = file.storyboard; name = Base; path = Base.lproj/LaunchScreen.storyboard; sourceTree = "<group>"; };
		462531D51EF3C65200E13A9F /* Info.plist */ = {isa = PBXFileReference; lastKnownFileType = text.plist.xml; path = Info.plist; sourceTree = "<group>"; };
		462531DA1EF3C65200E13A9F /* SwiftSingleClickTests.xctest */ = {isa = PBXFileReference; explicitFileType = wrapper.cfbundle; includeInIndex = 0; path = SwiftSingleClickTests.xctest; sourceTree = BUILT_PRODUCTS_DIR; };
		462531DE1EF3C65200E13A9F /* SwiftSingleClickTests.swift */ = {isa = PBXFileReference; lastKnownFileType = sourcecode.swift; path = SwiftSingleClickTests.swift; sourceTree = "<group>"; };
		462531E01EF3C65200E13A9F /* Info.plist */ = {isa = PBXFileReference; lastKnownFileType = text.plist.xml; path = Info.plist; sourceTree = "<group>"; };
		462531E51EF3C65200E13A9F /* SwiftSingleClickUITests.xctest */ = {isa = PBXFileReference; explicitFileType = wrapper.cfbundle; includeInIndex = 0; path = SwiftSingleClickUITests.xctest; sourceTree = BUILT_PRODUCTS_DIR; };
		462531E91EF3C65200E13A9F /* SwiftSingleClickUITests.swift */ = {isa = PBXFileReference; lastKnownFileType = sourcecode.swift; path = SwiftSingleClickUITests.swift; sourceTree = "<group>"; };
		462531EB1EF3C65200E13A9F /* Info.plist */ = {isa = PBXFileReference; lastKnownFileType = text.plist.xml; path = Info.plist; sourceTree = "<group>"; };
/* End PBXFileReference section */

/* Begin PBXFrameworksBuildPhase section */
		462531C31EF3C65200E13A9F /* Frameworks */ = {
			isa = PBXFrameworksBuildPhase;
			buildActionMask = 2147483647;
			files = (
			);
			runOnlyForDeploymentPostprocessing = 0;
		};
		462531D71EF3C65200E13A9F /* Frameworks */ = {
			isa = PBXFrameworksBuildPhase;
			buildActionMask = 2147483647;
			files = (
			);
			runOnlyForDeploymentPostprocessing = 0;
		};
		462531E21EF3C65200E13A9F /* Frameworks */ = {
			isa = PBXFrameworksBuildPhase;
			buildActionMask = 2147483647;
			files = (
			);
			runOnlyForDeploymentPostprocessing = 0;
		};
/* End PBXFrameworksBuildPhase section */

/* Begin PBXGroup section */
		462531BD1EF3C65200E13A9F = {
			isa = PBXGroup;
			children = (
				462531C81EF3C65200E13A9F /* SwiftSingleClick */,
				462531DD1EF3C65200E13A9F /* SwiftSingleClickTests */,
				462531E81EF3C65200E13A9F /* SwiftSingleClickUITests */,
				462531C71EF3C65200E13A9F /* Products */,
			);
			sourceTree = "<group>";
		};
		462531C71EF3C65200E13A9F /* Products */ = {
			isa = PBXGroup;
			children = (
				462531C61EF3C65200E13A9F /* SwiftSingleClick.app */,
				462531DA1EF3C65200E13A9F /* SwiftSingleClickTests.xctest */,
				462531E51EF3C65200E13A9F /* SwiftSingleClickUITests.xctest */,
			);
			name = Products;
			sourceTree = "<group>";
		};
		462531C81EF3C65200E13A9F /* SwiftSingleClick */ = {
			isa = PBXGroup;
			children = (
				462531C91EF3C65200E13A9F /* AppDelegate.swift */,
				462531CB1EF3C65200E13A9F /* ViewController.swift */,
				462531CD1EF3C65200E13A9F /* Main.storyboard */,
				462531D01EF3C65200E13A9F /* Assets.xcassets */,
				462531D21EF3C65200E13A9F /* LaunchScreen.storyboard */,
				462531D51EF3C65200E13A9F /* Info.plist */,
			);
			path = SwiftSingleClick;
			sourceTree = "<group>";
		};
		462531DD1EF3C65200E13A9F /* SwiftSingleClickTests */ = {
			isa = PBXGroup;
			children = (
				462531DE1EF3C65200E13A9F /* SwiftSingleClickTests.swift */,
				462531E01EF3C65200E13A9F /* Info.plist */,
			);
			path = SwiftSingleClickTests;
			sourceTree = "<group>";
		};
		462531E81EF3C65200E13A9F /* SwiftSingleClickUITests */ = {
			isa = PBXGroup;
			children = (
				462531E91EF3C65200E13A9F /* SwiftSingleClickUITests.swift */,
				462531EB1EF3C65200E13A9F /* Info.plist */,
			);
			path = SwiftSingleClickUITests;
			sourceTree = "<group>";
		};
/* End PBXGroup section */

/* Begin PBXNativeTarget section */
		462531C51EF3C65200E13A9F /* SwiftSingleClick */ = {
			isa = PBXNativeTarget;
			buildConfigurationList = 462531EE1EF3C65200E13A9F /* Build configuration list for PBXNativeTarget "SwiftSingleClick" */;
			buildPhases = (
				462531C21EF3C65200E13A9F /* Sources */,
				462531C31EF3C65200E13A9F /* Frameworks */,
				462531C41EF3C65200E13A9F /* Resources */,
			);
			buildRules = (
			);
			dependencies = (
			);
			name = SwiftSingleClick;
			productName = SwiftSingleClick;
			productReference = 462531C61EF3C65200E13A9F /* SwiftSingleClick.app */;
			productType = "com.apple.product-type.application";
		};
		462531D91EF3C65200E13A9F /* SwiftSingleClickTests */ = {
			isa = PBXNativeTarget;
			buildConfigurationList = 462531F11EF3C65200E13A9F /* Build configuration list for PBXNativeTarget "SwiftSingleClickTests" */;
			buildPhases = (
				462531D61EF3C65200E13A9F /* Sources */,
				462531D71EF3C65200E13A9F /* Frameworks */,
				462531D81EF3C65200E13A9F /* Resources */,
			);
			buildRules = (
			);
			dependencies = (
				462531DC1EF3C65200E13A9F /* PBXTargetDependency */,
			);
			name = SwiftSingleClickTests;
			productName = SwiftSingleClickTests;
			productReference = 462531DA1EF3C65200E13A9F /* SwiftSingleClickTests.xctest */;
			productType = "com.apple.product-type.bundle.unit-test";
		};
		462531E41EF3C65200E13A9F /* SwiftSingleClickUITests */ = {
			isa = PBXNativeTarget;
			buildConfigurationList = 462531F41EF3C65200E13A9F /* Build configuration list for PBXNativeTarget "SwiftSingleClickUITests" */;
			buildPhases = (
				462531E11EF3C65200E13A9F /* Sources */,
				462531E21EF3C65200E13A9F /* Frameworks */,
				462531E31EF3C65200E13A9F /* Resources */,
			);
			buildRules = (
			);
			dependencies = (
				462531E71EF3C65200E13A9F /* PBXTargetDependency */,
			);
			name = SwiftSingleClickUITests;
			productName = SwiftSingleClickUITests;
			productReference = 462531E51EF3C65200E13A9F /* SwiftSingleClickUITests.xctest */;
			productType = "com.apple.product-type.bundle.ui-testing";
		};
/* End PBXNativeTarget section */

/* Begin PBXProject section */
		462531BE1EF3C65200E13A9F /* Project object */ = {
			isa = PBXProject;
			attributes = {
				LastSwiftUpdateCheck = 0830;
				LastUpgradeCheck = 0830;
				ORGANIZATIONNAME = xicheng;
				TargetAttributes = {
					462531C51EF3C65200E13A9F = {
						CreatedOnToolsVersion = 8.3.2;
						DevelopmentTeam = U42GF86Q4D;
						ProvisioningStyle = Automatic;
					};
					462531D91EF3C65200E13A9F = {
						CreatedOnToolsVersion = 8.3.2;
						DevelopmentTeam = U42GF86Q4D;
						ProvisioningStyle = Automatic;
						TestTargetID = 462531C51EF3C65200E13A9F;
					};
					462531E41EF3C65200E13A9F = {
						CreatedOnToolsVersion = 8.3.2;
						DevelopmentTeam = U42GF86Q4D;
						ProvisioningStyle = Automatic;
						TestTargetID = 462531C51EF3C65200E13A9F;
					};
				};
			};
			buildConfigurationList = 462531C11EF3C65200E13A9F /* Build configuration list for PBXProject "SwiftSingleClick" */;
			compatibilityVersion = "Xcode 3.2";
			developmentRegion = English;
			hasScannedForEncodings = 0;
			knownRegions = (
				en,
				Base,
			);
			mainGroup = 462531BD1EF3C65200E13A9F;
			productRefGroup = 462531C71EF3C65200E13A9F /* Products */;
			projectDirPath = "";
			projectRoot = "";
			targets = (
				462531C51EF3C65200E13A9F /* SwiftSingleClick */,
				462531D91EF3C65200E13A9F /* SwiftSingleClickTests */,
				462531E41EF3C65200E13A9F /* SwiftSingleClickUITests */,
			);
		};
/* End PBXProject section */

/* Begin PBXResourcesBuildPhase section */
		462531C41EF3C65200E13A9F /* Resources */ = {
			isa = PBXResourcesBuildPhase;
			buildActionMask = 2147483647;
			files = (
				462531D41EF3C65200E13A9F /* LaunchScreen.storyboard in Resources */,
				462531D11EF3C65200E13A9F /* Assets.xcassets in Resources */,
				462531CF1EF3C65200E13A9F /* Main.storyboard in Resources */,
			);
			runOnlyForDeploymentPostprocessing = 0;
		};
		462531D81EF3C65200E13A9F /* Resources */ = {
			isa = PBXResourcesBuildPhase;
			buildActionMask = 2147483647;
			files = (
			);
			runOnlyForDeploymentPostprocessing = 0;
		};
		462531E31EF3C65200E13A9F /* Resources */ = {
			isa = PBXResourcesBuildPhase;
			buildActionMask = 2147483647;
			files = (
			);
			runOnlyForDeploymentPostprocessing = 0;
		};
/* End PBXResourcesBuildPhase section */

/* Begin PBXSourcesBuildPhase section */
		462531C21EF3C65200E13A9F /* Sources */ = {
			isa = PBXSourcesBuildPhase;
			buildActionMask = 2147483647;
			files = (
				462531CC1EF3C65200E13A9F /* ViewController.swift in Sources */,
				462531CA1EF3C65200E13A9F /* AppDelegate.swift in Sources */,
			);
			runOnlyForDeploymentPostprocessing = 0;
		};
		462531D61EF3C65200E13A9F /* Sources */ = {
			isa = PBXSourcesBuildPhase;
			buildActionMask = 2147483647;
			files = (
				462531DF1EF3C65200E13A9F /* SwiftSingleClickTests.swift in Sources */,
			);
			runOnlyForDeploymentPostprocessing = 0;
		};
		462531E11EF3C65200E13A9F /* Sources */ = {
			isa = PBXSourcesBuildPhase;
			buildActionMask = 2147483647;
			files = (
				462531EA1EF3C65200E13A9F /* SwiftSingleClickUITests.swift in Sources */,
			);
			runOnlyForDeploymentPostprocessing = 0;
		};
/* End PBXSourcesBuildPhase section */

/* Begin PBXTargetDependency section */
		462531DC1EF3C65200E13A9F /* PBXTargetDependency */ = {
			isa = PBXTargetDependency;
			target = 462531C51EF3C65200E13A9F /* SwiftSingleClick */;
			targetProxy = 462531DB1EF3C65200E13A9F /* PBXContainerItemProxy */;
		};
		462531E71EF3C65200E13A9F /* PBXTargetDependency */ = {
			isa = PBXTargetDependency;
			target = 462531C51EF3C65200E13A9F /* SwiftSingleClick */;
			targetProxy = 462531E61EF3C65200E13A9F /* PBXContainerItemProxy */;
		};
/* End PBXTargetDependency section */

/* Begin PBXVariantGroup section */
		462531CD1EF3C65200E13A9F /* Main.storyboard */ = {
			isa = PBXVariantGroup;
			children = (
				462531CE1EF3C65200E13A9F /* Base */,
			);
			name = Main.storyboard;
			sourceTree = "<group>";
		};
		462531D21EF3C65200E13A9F /* LaunchScreen.storyboard */ = {
			isa = PBXVariantGroup;
			children = (
				462531D31EF3C65200E13A9F /* Base */,
			);
			name = LaunchScreen.storyboard;
			sourceTree = "<group>";
		};
/* End PBXVariantGroup section */

/* Begin XCBuildConfiguration section */
		462531EC1EF3C65200E13A9F /* Debug */ = {
			isa = XCBuildConfiguration;
			buildSettings = {
				ALWAYS_SEARCH_USER_PATHS = NO;
				CLANG_ANALYZER_NONNULL = YES;
				CLANG_ANALYZER_NUMBER_OBJECT_CONVERSION = YES_AGGRESSIVE;
				CLANG_CXX_LANGUAGE_STANDARD = "gnu++0x";
				CLANG_CXX_LIBRARY = "libc++";
				CLANG_ENABLE_MODULES = YES;
				CLANG_ENABLE_OBJC_ARC = YES;
				CLANG_WARN_BOOL_CONVERSION = YES;
				CLANG_WARN_CONSTANT_CONVERSION = YES;
				CLANG_WARN_DIRECT_OBJC_ISA_USAGE = YES_ERROR;
				CLANG_WARN_DOCUMENTATION_COMMENTS = YES;
				CLANG_WARN_EMPTY_BODY = YES;
				CLANG_WARN_ENUM_CONVERSION = YES;
				CLANG_WARN_INFINITE_RECURSION = YES;
				CLANG_WARN_INT_CONVERSION = YES;
				CLANG_WARN_OBJC_ROOT_CLASS = YES_ERROR;
				CLANG_WARN_SUSPICIOUS_MOVE = YES;
				CLANG_WARN_UNREACHABLE_CODE = YES;
				CLANG_WARN__DUPLICATE_METHOD_MATCH = YES;
				"CODE_SIGN_IDENTITY[sdk=iphoneos*]" = "iPhone Developer";
				COPY_PHASE_STRIP = NO;
				DEBUG_INFORMATION_FORMAT = dwarf;
				ENABLE_STRICT_OBJC_MSGSEND = YES;
				ENABLE_TESTABILITY = YES;
				GCC_C_LANGUAGE_STANDARD = gnu99;
				GCC_DYNAMIC_NO_PIC = NO;
				GCC_NO_COMMON_BLOCKS = YES;
				GCC_OPTIMIZATION_LEVEL = 0;
				GCC_PREPROCESSOR_DEFINITIONS = (
					"DEBUG=1",
					"$(inherited)",
				);
				GCC_WARN_64_TO_32_BIT_CONVERSION = YES;
				GCC_WARN_ABOUT_RETURN_TYPE = YES_ERROR;
				GCC_WARN_UNDECLARED_SELECTOR = YES;
				GCC_WARN_UNINITIALIZED_AUTOS = YES_AGGRESSIVE;
				GCC_WARN_UNUSED_FUNCTION = YES;
				GCC_WARN_UNUSED_VARIABLE = YES;
				IPHONEOS_DEPLOYMENT_TARGET = 10.3;
				MTL_ENABLE_DEBUG_INFO = YES;
				ONLY_ACTIVE_ARCH = YES;
				SDKROOT = iphoneos;
				SWIFT_ACTIVE_COMPILATION_CONDITIONS = DEBUG;
				SWIFT_OPTIMIZATION_LEVEL = "-Onone";
			};
			name = Debug;
		};
		462531ED1EF3C65200E13A9F /* Release */ = {
			isa = XCBuildConfiguration;
			buildSettings = {
				ALWAYS_SEARCH_USER_PATHS = NO;
				CLANG_ANALYZER_NONNULL = YES;
				CLANG_ANALYZER_NUMBER_OBJECT_CONVERSION = YES_AGGRESSIVE;
				CLANG_CXX_LANGUAGE_STANDARD = "gnu++0x";
				CLANG_CXX_LIBRARY = "libc++";
				CLANG_ENABLE_MODULES = YES;
				CLANG_ENABLE_OBJC_ARC = YES;
				CLANG_WARN_BOOL_CONVERSION = YES;
				CLANG_WARN_CONSTANT_CONVERSION = YES;
				CLANG_WARN_DIRECT_OBJC_ISA_USAGE = YES_ERROR;
				CLANG_WARN_DOCUMENTATION_COMMENTS = YES;
				CLANG_WARN_EMPTY_BODY = YES;
				CLANG_WARN_ENUM_CONVERSION = YES;
				CLANG_WARN_INFINITE_RECURSION = YES;
				CLANG_WARN_INT_CONVERSION = YES;
				CLANG_WARN_OBJC_ROOT_CLASS = YES_ERROR;
				CLANG_WARN_SUSPICIOUS_MOVE = YES;
				CLANG_WARN_UNREACHABLE_CODE = YES;
				CLANG_WARN__DUPLICATE_METHOD_MATCH = YES;
				"CODE_SIGN_IDENTITY[sdk=iphoneos*]" = "iPhone Developer";
				COPY_PHASE_STRIP = NO;
				DEBUG_INFORMATION_FORMAT = "dwarf-with-dsym";
				ENABLE_NS_ASSERTIONS = NO;
				ENABLE_STRICT_OBJC_MSGSEND = YES;
				GCC_C_LANGUAGE_STANDARD = gnu99;
				GCC_NO_COMMON_BLOCKS = YES;
				GCC_WARN_64_TO_32_BIT_CONVERSION = YES;
				GCC_WARN_ABOUT_RETURN_TYPE = YES_ERROR;
				GCC_WARN_UNDECLARED_SELECTOR = YES;
				GCC_WARN_UNINITIALIZED_AUTOS = YES_AGGRESSIVE;
				GCC_WARN_UNUSED_FUNCTION = YES;
				GCC_WARN_UNUSED_VARIABLE = YES;
				IPHONEOS_DEPLOYMENT_TARGET = 10.3;
				MTL_ENABLE_DEBUG_INFO = NO;
				SDKROOT = iphoneos;
				SWIFT_OPTIMIZATION_LEVEL = "-Owholemodule";
				VALIDATE_PRODUCT = YES;
			};
			name = Release;
		};
		462531EF1EF3C65200E13A9F /* Debug */ = {
			isa = XCBuildConfiguration;
			buildSettings = {
				ASSETCATALOG_COMPILER_APPICON_NAME = AppIcon;
				DEVELOPMENT_TEAM = U42GF86Q4D;
				INFOPLIST_FILE = SwiftSingleClick/Info.plist;
				LD_RUNPATH_SEARCH_PATHS = "$(inherited) @executable_path/Frameworks";
				PRODUCT_BUNDLE_IDENTIFIER = org.taurusxi.SwiftSingleClick;
				PRODUCT_NAME = "$(TARGET_NAME)";
				SWIFT_VERSION = 3.0;
			};
			name = Debug;
		};
		462531F01EF3C65200E13A9F /* Release */ = {
			isa = XCBuildConfiguration;
			buildSettings = {
				ASSETCATALOG_COMPILER_APPICON_NAME = AppIcon;
				DEVELOPMENT_TEAM = U42GF86Q4D;
				INFOPLIST_FILE = SwiftSingleClick/Info.plist;
				LD_RUNPATH_SEARCH_PATHS = "$(inherited) @executable_path/Frameworks";
				PRODUCT_BUNDLE_IDENTIFIER = org.taurusxi.SwiftSingleClick;
				PRODUCT_NAME = "$(TARGET_NAME)";
				SWIFT_VERSION = 3.0;
			};
			name = Release;
		};
		462531F21EF3C65200E13A9F /* Debug */ = {
			isa = XCBuildConfiguration;
			buildSettings = {
				ALWAYS_EMBED_SWIFT_STANDARD_LIBRARIES = YES;
				BUNDLE_LOADER = "$(TEST_HOST)";
				DEVELOPMENT_TEAM = U42GF86Q4D;
				INFOPLIST_FILE = SwiftSingleClickTests/Info.plist;
				LD_RUNPATH_SEARCH_PATHS = "$(inherited) @executable_path/Frameworks @loader_path/Frameworks";
				PRODUCT_BUNDLE_IDENTIFIER = org.taurusxi.SwiftSingleClickTests;
				PRODUCT_NAME = "$(TARGET_NAME)";
				SWIFT_VERSION = 3.0;
				TEST_HOST = "$(BUILT_PRODUCTS_DIR)/SwiftSingleClick.app/SwiftSingleClick";
			};
			name = Debug;
		};
		462531F31EF3C65200E13A9F /* Release */ = {
			isa = XCBuildConfiguration;
			buildSettings = {
				ALWAYS_EMBED_SWIFT_STANDARD_LIBRARIES = YES;
				BUNDLE_LOADER = "$(TEST_HOST)";
				DEVELOPMENT_TEAM = U42GF86Q4D;
				INFOPLIST_FILE = SwiftSingleClickTests/Info.plist;
				LD_RUNPATH_SEARCH_PATHS = "$(inherited) @executable_path/Frameworks @loader_path/Frameworks";
				PRODUCT_BUNDLE_IDENTIFIER = org.taurusxi.SwiftSingleClickTests;
				PRODUCT_NAME = "$(TARGET_NAME)";
				SWIFT_VERSION = 3.0;
				TEST_HOST = "$(BUILT_PRODUCTS_DIR)/SwiftSingleClick.app/SwiftSingleClick";
			};
			name = Release;
		};
		462531F51EF3C65200E13A9F /* Debug */ = {
			isa = XCBuildConfiguration;
			buildSettings = {
				ALWAYS_EMBED_SWIFT_STANDARD_LIBRARIES = YES;
				DEVELOPMENT_TEAM = U42GF86Q4D;
				INFOPLIST_FILE = SwiftSingleClickUITests/Info.plist;
				LD_RUNPATH_SEARCH_PATHS = "$(inherited) @executable_path/Frameworks @loader_path/Frameworks";
				PRODUCT_BUNDLE_IDENTIFIER = org.taurusxi.SwiftSingleClickUITests;
				PRODUCT_NAME = "$(TARGET_NAME)";
				SWIFT_VERSION = 3.0;
				TEST_TARGET_NAME = SwiftSingleClick;
			};
			name = Debug;
		};
		462531F61EF3C65200E13A9F /* Release */ = {
			isa = XCBuildConfiguration;
			buildSettings = {
				ALWAYS_EMBED_SWIFT_STANDARD_LIBRARIES = YES;
				DEVELOPMENT_TEAM = U42GF86Q4D;
				INFOPLIST_FILE = SwiftSingleClickUITests/Info.plist;
				LD_RUNPATH_SEARCH_PATHS = "$(inherited) @executable_path/Frameworks @loader_path/Frameworks";
				PRODUCT_BUNDLE_IDENTIFIER = org.taurusxi.SwiftSingleClickUITests;
				PRODUCT_NAME = "$(TARGET_NAME)";
				SWIFT_VERSION = 3.0;
				TEST_TARGET_NAME = SwiftSingleClick;
			};
			name = Release;
		};
/* End XCBuildConfiguration section */

/* Begin XCConfigurationList section */
		462531C11EF3C65200E13A9F /* Build configuration list for PBXProject "SwiftSingleClick" */ = {
			isa = XCConfigurationList;
			buildConfigurations = (
				462531EC1EF3C65200E13A9F /* Debug */,
				462531ED1EF3C65200E13A9F /* Release */,
			);
			defaultConfigurationIsVisible = 0;
			defaultConfigurationName = Release;
		};
		462531EE1EF3C65200E13A9F /* Build configuration list for PBXNativeTarget "SwiftSingleClick" */ = {
			isa = XCConfigurationList;
			buildConfigurations = (
				462531EF1EF3C65200E13A9F /* Debug */,
				462531F01EF3C65200E13A9F /* Release */,
			);
			defaultConfigurationIsVisible = 0;
		};
		462531F11EF3C65200E13A9F /* Build configuration list for PBXNativeTarget "SwiftSingleClickTests" */ = {
			isa = XCConfigurationList;
			buildConfigurations = (
				462531F21EF3C65200E13A9F /* Debug */,
				462531F31EF3C65200E13A9F /* Release */,
			);
			defaultConfigurationIsVisible = 0;
		};
		462531F41EF3C65200E13A9F /* Build configuration list for PBXNativeTarget "SwiftSingleClickUITests" */ = {
			isa = XCConfigurationList;
			buildConfigurations = (
				462531F51EF3C65200E13A9F /* Debug */,
				462531F61EF3C65200E13A9F /* Release */,
			);
			defaultConfigurationIsVisible = 0;
		};
/* End XCConfigurationList section */
	};
	rootObject = 462531BE1EF3C65200E13A9F /* Project object */;
}
